
Microsoft Visual Studio Solution File, Format Version 12.00
# Visual Studio Version 17
VisualStudioVersion = 17.6.33815.320
MinimumVisualStudioVersion = 10.0.40219.1
Project("{FAE04EC0-301F-11D3-BF4B-00C04F79EFBC}") = "Plot Graph.Android", "Plot Graph\Plot Graph.Android\Plot Graph.Android.csproj", "{F7149E33-4808-449D-B20A-AE3854B1C155}"
EndProject
Project("{FAE04EC0-301F-11D3-BF4B-00C04F79EFBC}") = "Plot Graph.iOS", "Plot Graph\Plot Graph.iOS\Plot Graph.iOS.csproj", "{9D9F004F-AE21-4443-A352-CD68C7AE475A}"
EndProject
Project("{FAE04EC0-301F-11D3-BF4B-00C04F79EFBC}") = "Plot Graph", "Plot Graph\Plot Graph\Plot Graph.csproj", "{B9932306-D251-4680-BA9A-01C98EC393DB}"
EndProject
Global
	GlobalSection(SolutionConfigurationPlatforms) = preSolution
		Debug|Any CPU = Debug|Any CPU
		Debug|iPhone = Debug|iPhone
		Debug|iPhoneSimulator = Debug|iPhoneSimulator
		Release|Any CPU = Release|Any CPU
		Release|iPhone = Release|iPhone
		Release|iPhoneSimulator = Release|iPhoneSimulator
	EndGlobalSection
	GlobalSection(ProjectConfigurationPlatforms) = postSolution
		{F7149E33-4808-449D-B20A-AE3854B1C155}.Debug|Any CPU.ActiveCfg = Debug|Any CPU
		{F7149E33-4808-449D-B20A-AE3854B1C155}.Debug|Any CPU.Build.0 = Debug|Any CPU
		{F7149E33-4808-449D-B20A-AE3854B1C155}.Debug|Any CPU.Deploy.0 = Debug|Any CPU
		{F7149E33-4808-449D-B20A-AE3854B1C155}.Debug|iPhone.ActiveCfg = Debug|Any CPU
		{F7149E33-4808-449D-B20A-AE3854B1C155}.Debug|iPhone.Build.0 = Debug|Any CPU
		{F7149E33-4808-449D-B20A-AE3854B1C155}.Debug|iPhone.Deploy.0 = Debug|Any CPU
		{F7149E33-4808-449D-B20A-AE3854B1C155}.Debug|iPhoneSimulator.ActiveCfg = Debug|Any CPU
		{F7149E33-4808-449D-B20A-AE3854B1C155}.Debug|iPhoneSimulator.Build.0 = Debug|Any CPU
		{F7149E33-4808-449D-B20A-AE3854B1C155}.Debug|iPhoneSimulator.Deploy.0 = Debug|Any CPU
		{F7149E33-4808-449D-B20A-AE3854B1C155}.Release|Any CPU.ActiveCfg = Release|Any CPU
		{F7149E33-4808-449D-B20A-AE3854B1C155}.Release|Any CPU.Build.0 = Release|Any CPU
		{F7149E33-4808-449D-B20A-AE3854B1C155}.Release|Any CPU.Deploy.0 = Release|Any CPU
		{F7149E33-4808-449D-B20A-AE3854B1C155}.Release|iPhone.ActiveCfg = Release|Any CPU
		{F7149E33-4808-449D-B20A-AE3854B1C155}.Release|iPhone.Build.0 = Release|Any CPU
		{F7149E33-4808-449D-B20A-AE3854B1C155}.Release|iPhone.Deploy.0 = Release|Any CPU
		{F7149E33-4808-449D-B20A-AE3854B1C155}.Release|iPhoneSimulator.ActiveCfg = Release|Any CPU
		{F7149E33-4808-449D-B20A-AE3854B1C155}.Release|iPhoneSimulator.Build.0 = Release|Any CPU
		{F7149E33-4808-449D-B20A-AE3854B1C155}.Release|iPhoneSimulator.Deploy.0 = Release|Any CPU
		{9D9F004F-AE21-4443-A352-CD68C7AE475A}.Debug|Any CPU.ActiveCfg = Debug|iPhone
		{9D9F004F-AE21-4443-A352-CD68C7AE475A}.Debug|Any CPU.Build.0 = Debug|iPhone
		{9D9F004F-AE21-4443-A352-CD68C7AE475A}.Debug|Any CPU.Deploy.0 = Debug|iPhone
		{9D9F004F-AE21-4443-A352-CD68C7AE475A}.Debug|iPhone.ActiveCfg = Debug|iPhone
		{9D9F004F-AE21-4443-A352-CD68C7AE475A}.Debug|iPhone.Build.0 = Debug|iPhone
		{9D9F004F-AE21-4443-A352-CD68C7AE475A}.Debug|iPhone.Deploy.0 = Debug|iPhone
		{9D9F004F-AE21-4443-A352-CD68C7AE475A}.Debug|iPhoneSimulator.ActiveCfg = Debug|iPhoneSimulator
		{9D9F004F-AE21-4443-A352-CD68C7AE475A}.Debug|iPhoneSimulator.Build.0 = Debug|iPhoneSimulator
		{9D9F004F-AE21-4443-A352-CD68C7AE475A}.Debug|iPhoneSimulator.Deploy.0 = Debug|iPhoneSimulator
		{9D9F004F-AE21-4443-A352-CD68C7AE475A}.Release|Any CPU.ActiveCfg = Release|iPhoneSimulator
		{9D9F004F-AE21-4443-A352-CD68C7AE475A}.Release|Any CPU.Build.0 = Release|iPhoneSimulator
		{9D9F004F-AE21-4443-A352-CD68C7AE475A}.Release|Any CPU.Deploy.0 = Release|iPhoneSimulator
		{9D9F004F-AE21-4443-A352-CD68C7AE475A}.Release|iPhone.ActiveCfg = Release|iPhone
		{9D9F004F-AE21-4443-A352-CD68C7AE475A}.Release|iPhone.Build.0 = Release|iPhone
		{9D9F004F-AE21-4443-A352-CD68C7AE475A}.Release|iPhone.Deploy.0 = Release|iPhone
		{9D9F004F-AE21-4443-A352-CD68C7AE475A}.Release|iPhoneSimulator.ActiveCfg = Release|iPhoneSimulator
		{9D9F004F-AE21-4443-A352-CD68C7AE475A}.Release|iPhoneSimulator.Build.0 = Release|iPhoneSimulator
		{9D9F004F-AE21-4443-A352-CD68C7AE475A}.Release|iPhoneSimulator.Deploy.0 = Release|iPhoneSimulator
		{B9932306-D251-4680-BA9A-01C98EC393DB}.Debug|Any CPU.ActiveCfg = Debug|Any CPU
		{B9932306-D251-4680-BA9A-01C98EC393DB}.Debug|Any CPU.Build.0 = Debug|Any CPU
		{B9932306-D251-4680-BA9A-01C98EC393DB}.Debug|Any CPU.Deploy.0 = Debug|Any CPU
		{B9932306-D251-4680-BA9A-01C98EC393DB}.Debug|iPhone.ActiveCfg = Debug|Any CPU
		{B9932306-D251-4680-BA9A-01C98EC393DB}.Debug|iPhone.Build.0 = Debug|Any CPU
		{B9932306-D251-4680-BA9A-01C98EC393DB}.Debug|iPhone.Deploy.0 = Debug|Any CPU
		{B9932306-D251-4680-BA9A-01C98EC393DB}.Debug|iPhoneSimulator.ActiveCfg = Debug|Any CPU
		{B9932306-D251-4680-BA9A-01C98EC393DB}.Debug|iPhoneSimulator.Build.0 = Debug|Any CPU
		{B9932306-D251-4680-BA9A-01C98EC393DB}.Debug|iPhoneSimulator.Deploy.0 = Debug|Any CPU
		{B9932306-D251-4680-BA9A-01C98EC393DB}.Release|Any CPU.ActiveCfg = Release|Any CPU
		{B9932306-D251-4680-BA9A-01C98EC393DB}.Release|Any CPU.Build.0 = Release|Any CPU
		{B9932306-D251-4680-BA9A-01C98EC393DB}.Release|Any CPU.Deploy.0 = Release|Any CPU
		{B9932306-D251-4680-BA9A-01C98EC393DB}.Release|iPhone.ActiveCfg = Release|Any CPU
		{B9932306-D251-4680-BA9A-01C98EC393DB}.Release|iPhone.Build.0 = Release|Any CPU
		{B9932306-D251-4680-BA9A-01C98EC393DB}.Release|iPhone.Deploy.0 = Release|Any CPU
		{B9932306-D251-4680-BA9A-01C98EC393DB}.Release|iPhoneSimulator.ActiveCfg = Release|Any CPU
		{B9932306-D251-4680-BA9A-01C98EC393DB}.Release|iPhoneSimulator.Build.0 = Release|Any CPU
		{B9932306-D251-4680-BA9A-01C98EC393DB}.Release|iPhoneSimulator.Deploy.0 = Release|Any CPU
	EndGlobalSection
	GlobalSection(SolutionProperties) = preSolution
		HideSolutionNode = FALSE
	EndGlobalSection
	GlobalSection(ExtensibilityGlobals) = postSolution
		SolutionGuid = {90578F7F-F31E-45D0-BF00-D4D6B6CE0F62}
	EndGlobalSection
EndGlobal
